// !$*UTF8*$!
{
	archiveVersion = 1;
	classes = {
	};
	objectVersion = 50;
	objects = {

/* Begin PBXBuildFile section */
		D6FB740323E5378B008C1E0E /* AppDelegate.swift in Sources */ = {isa = PBXBuildFile; fileRef = D6FB740223E5378B008C1E0E /* AppDelegate.swift */; };
		D6FB740523E5378B008C1E0E /* ViewController.swift in Sources */ = {isa = PBXBuildFile; fileRef = D6FB740423E5378B008C1E0E /* ViewController.swift */; };
		D6FB740823E5378B008C1E0E /* Main.storyboard in Resources */ = {isa = PBXBuildFile; fileRef = D6FB740623E5378B008C1E0E /* Main.storyboard */; };
		D6FB740B23E5378B008C1E0E /* core.xcdatamodeld in Sources */ = {isa = PBXBuildFile; fileRef = D6FB740923E5378B008C1E0E /* core.xcdatamodeld */; };
		D6FB740D23E5378C008C1E0E /* Assets.xcassets in Resources */ = {isa = PBXBuildFile; fileRef = D6FB740C23E5378C008C1E0E /* Assets.xcassets */; };
		D6FB741023E5378C008C1E0E /* LaunchScreen.storyboard in Resources */ = {isa = PBXBuildFile; fileRef = D6FB740E23E5378C008C1E0E /* LaunchScreen.storyboard */; };
		D6FB741E23E57B1F008C1E0E /* coreTests.swift in Sources */ = {isa = PBXBuildFile; fileRef = D6FB741D23E57B1F008C1E0E /* coreTests.swift */; };
/* End PBXBuildFile section */

/* Begin PBXContainerItemProxy section */
		D6FB742023E57B1F008C1E0E /* PBXContainerItemProxy */ = {
			isa = PBXContainerItemProxy;
			containerPortal = D6FB73F723E5378B008C1E0E /* Project object */;
			proxyType = 1;
			remoteGlobalIDString = D6FB73FE23E5378B008C1E0E;
			remoteInfo = core;
		};
/* End PBXContainerItemProxy section */

/* Begin PBXFileReference section */
		D6FB73FF23E5378B008C1E0E /* core.app */ = {isa = PBXFileReference; explicitFileType = wrapper.application; includeInIndex = 0; path = core.app; sourceTree = BUILT_PRODUCTS_DIR; };
		D6FB740223E5378B008C1E0E /* AppDelegate.swift */ = {isa = PBXFileReference; lastKnownFileType = sourcecode.swift; path = AppDelegate.swift; sourceTree = "<group>"; };
		D6FB740423E5378B008C1E0E /* ViewController.swift */ = {isa = PBXFileReference; lastKnownFileType = sourcecode.swift; path = ViewController.swift; sourceTree = "<group>"; };
		D6FB740723E5378B008C1E0E /* Base */ = {isa = PBXFileReference; lastKnownFileType = file.storyboard; name = Base; path = Base.lproj/Main.storyboard; sourceTree = "<group>"; };
		D6FB740A23E5378B008C1E0E /* core.xcdatamodel */ = {isa = PBXFileReference; lastKnownFileType = wrapper.xcdatamodel; path = core.xcdatamodel; sourceTree = "<group>"; };
		D6FB740C23E5378C008C1E0E /* Assets.xcassets */ = {isa = PBXFileReference; lastKnownFileType = folder.assetcatalog; path = Assets.xcassets; sourceTree = "<group>"; };
		D6FB740F23E5378C008C1E0E /* Base */ = {isa = PBXFileReference; lastKnownFileType = file.storyboard; name = Base; path = Base.lproj/LaunchScreen.storyboard; sourceTree = "<group>"; };
		D6FB741123E5378C008C1E0E /* Info.plist */ = {isa = PBXFileReference; lastKnownFileType = text.plist.xml; path = Info.plist; sourceTree = "<group>"; };
		D6FB741B23E57B1F008C1E0E /* coreTests.xctest */ = {isa = PBXFileReference; explicitFileType = wrapper.cfbundle; includeInIndex = 0; path = coreTests.xctest; sourceTree = BUILT_PRODUCTS_DIR; };
		D6FB741D23E57B1F008C1E0E /* coreTests.swift */ = {isa = PBXFileReference; lastKnownFileType = sourcecode.swift; path = coreTests.swift; sourceTree = "<group>"; };
		D6FB741F23E57B1F008C1E0E /* Info.plist */ = {isa = PBXFileReference; lastKnownFileType = text.plist.xml; path = Info.plist; sourceTree = "<group>"; };
/* End PBXFileReference section */

/* Begin PBXFrameworksBuildPhase section */
		D6FB73FC23E5378B008C1E0E /* Frameworks */ = {
			isa = PBXFrameworksBuildPhase;
			buildActionMask = 2147483647;
			files = (
			);
			runOnlyForDeploymentPostprocessing = 0;
		};
		D6FB741823E57B1F008C1E0E /* Frameworks */ = {
			isa = PBXFrameworksBuildPhase;
			buildActionMask = 2147483647;
			files = (
			);
			runOnlyForDeploymentPostprocessing = 0;
		};
/* End PBXFrameworksBuildPhase section */

/* Begin PBXGroup section */
		D6FB73F623E5378B008C1E0E = {
			isa = PBXGroup;
			children = (
				D6FB740123E5378B008C1E0E /* core */,
				D6FB741C23E57B1F008C1E0E /* coreTests */,
				D6FB740023E5378B008C1E0E /* Products */,
			);
			sourceTree = "<group>";
		};
		D6FB740023E5378B008C1E0E /* Products */ = {
			isa = PBXGroup;
			children = (
				D6FB73FF23E5378B008C1E0E /* core.app */,
				D6FB741B23E57B1F008C1E0E /* coreTests.xctest */,
			);
			name = Products;
			sourceTree = "<group>";
		};
		D6FB740123E5378B008C1E0E /* core */ = {
			isa = PBXGroup;
			children = (
				D6FB740223E5378B008C1E0E /* AppDelegate.swift */,
				D6FB740423E5378B008C1E0E /* ViewController.swift */,
				D6FB740623E5378B008C1E0E /* Main.storyboard */,
				D6FB740C23E5378C008C1E0E /* Assets.xcassets */,
				D6FB740E23E5378C008C1E0E /* LaunchScreen.storyboard */,
				D6FB741123E5378C008C1E0E /* Info.plist */,
				D6FB740923E5378B008C1E0E /* core.xcdatamodeld */,
			);
			path = core;
			sourceTree = "<group>";
		};
		D6FB741C23E57B1F008C1E0E /* coreTests */ = {
			isa = PBXGroup;
			children = (
				D6FB741D23E57B1F008C1E0E /* coreTests.swift */,
				D6FB741F23E57B1F008C1E0E /* Info.plist */,
			);
			path = coreTests;
			sourceTree = "<group>";
		};
/* End PBXGroup section */

/* Begin PBXNativeTarget section */
		D6FB73FE23E5378B008C1E0E /* core */ = {
			isa = PBXNativeTarget;
			buildConfigurationList = D6FB741423E5378C008C1E0E /* Build configuration list for PBXNativeTarget "core" */;
			buildPhases = (
				D6FB73FB23E5378B008C1E0E /* Sources */,
				D6FB73FC23E5378B008C1E0E /* Frameworks */,
				D6FB73FD23E5378B008C1E0E /* Resources */,
			);
			buildRules = (
			);
			dependencies = (
			);
			name = core;
			productName = core;
			productReference = D6FB73FF23E5378B008C1E0E /* core.app */;
			productType = "com.apple.product-type.application";
		};
		D6FB741A23E57B1F008C1E0E /* coreTests */ = {
			isa = PBXNativeTarget;
			buildConfigurationList = D6FB742223E57B1F008C1E0E /* Build configuration list for PBXNativeTarget "coreTests" */;
			buildPhases = (
				D6FB741723E57B1F008C1E0E /* Sources */,
				D6FB741823E57B1F008C1E0E /* Frameworks */,
				D6FB741923E57B1F008C1E0E /* Resources */,
			);
			buildRules = (
			);
			dependencies = (
				D6FB742123E57B1F008C1E0E /* PBXTargetDependency */,
			);
			name = coreTests;
			productName = coreTests;
			productReference = D6FB741B23E57B1F008C1E0E /* coreTests.xctest */;
			productType = "com.apple.product-type.bundle.unit-test";
		};
/* End PBXNativeTarget section */

/* Begin PBXProject section */
		D6FB73F723E5378B008C1E0E /* Project object */ = {
			isa = PBXProject;
			attributes = {
				LastSwiftUpdateCheck = 1030;
				LastUpgradeCheck = 1030;
				ORGANIZATIONNAME = "pramodie athauda";
				TargetAttributes = {
					D6FB73FE23E5378B008C1E0E = {
						CreatedOnToolsVersion = 10.3;
					};
					D6FB741A23E57B1F008C1E0E = {
						CreatedOnToolsVersion = 10.3;
						TestTargetID = D6FB73FE23E5378B008C1E0E;
					};
				};
			};
			buildConfigurationList = D6FB73FA23E5378B008C1E0E /* Build configuration list for PBXProject "core" */;
			compatibilityVersion = "Xcode 9.3";
			developmentRegion = en;
			hasScannedForEncodings = 0;
			knownRegions = (
				en,
				Base,
			);
			mainGroup = D6FB73F623E5378B008C1E0E;
			productRefGroup = D6FB740023E5378B008C1E0E /* Products */;
			projectDirPath = "";
			projectRoot = "";
			targets = (
				D6FB73FE23E5378B008C1E0E /* core */,
				D6FB741A23E57B1F008C1E0E /* coreTests */,
			);
		};
/* End PBXProject section */

/* Begin PBXResourcesBuildPhase section */
		D6FB73FD23E5378B008C1E0E /* Resources */ = {
			isa = PBXResourcesBuildPhase;
			buildActionMask = 2147483647;
			files = (
				D6FB741023E5378C008C1E0E /* LaunchScreen.storyboard in Resources */,
				D6FB740D23E5378C008C1E0E /* Assets.xcassets in Resources */,
				D6FB740823E5378B008C1E0E /* Main.storyboard in Resources */,
			);
			runOnlyForDeploymentPostprocessing = 0;
		};
		D6FB741923E57B1F008C1E0E /* Resources */ = {
			isa = PBXResourcesBuildPhase;
			buildActionMask = 2147483647;
			files = (
			);
			runOnlyForDeploymentPostprocessing = 0;
		};
/* End PBXResourcesBuildPhase section */

/* Begin PBXSourcesBuildPhase section */
		D6FB73FB23E5378B008C1E0E /* Sources */ = {
			isa = PBXSourcesBuildPhase;
			buildActionMask = 2147483647;
			files = (
				D6FB740523E5378B008C1E0E /* ViewController.swift in Sources */,
				D6FB740B23E5378B008C1E0E /* core.xcdatamodeld in Sources */,
				D6FB740323E5378B008C1E0E /* AppDelegate.swift in Sources */,
			);
			runOnlyForDeploymentPostprocessing = 0;
		};
		D6FB741723E57B1F008C1E0E /* Sources */ = {
			isa = PBXSourcesBuildPhase;
			buildActionMask = 2147483647;
			files = (
				D6FB741E23E57B1F008C1E0E /* coreTests.swift in Sources */,
			);
			runOnlyForDeploymentPostprocessing = 0;
		};
/* End PBXSourcesBuildPhase section */

/* Begin PBXTargetDependency section */
		D6FB742123E57B1F008C1E0E /* PBXTargetDependency */ = {
			isa = PBXTargetDependency;
			target = D6FB73FE23E5378B008C1E0E /* core */;
			targetProxy = D6FB742023E57B1F008C1E0E /* PBXContainerItemProxy */;
		};
/* End PBXTargetDependency section */

/* Begin PBXVariantGroup section */
		D6FB740623E5378B008C1E0E /* Main.storyboard */ = {
			isa = PBXVariantGroup;
			children = (
				D6FB740723E5378B008C1E0E /* Base */,
			);
			name = Main.storyboard;
			sourceTree = "<group>";
		};
		D6FB740E23E5378C008C1E0E /* LaunchScreen.storyboard */ = {
			isa = PBXVariantGroup;
			children = (
				D6FB740F23E5378C008C1E0E /* Base */,
			);
			name = LaunchScreen.storyboard;
			sourceTree = "<group>";
		};
/* End PBXVariantGroup section */

/* Begin XCBuildConfiguration section */
		D6FB741223E5378C008C1E0E /* Debug */ = {
			isa = XCBuildConfiguration;
			buildSettings = {
				ALWAYS_SEARCH_USER_PATHS = NO;
				CLANG_ANALYZER_NONNULL = YES;
				CLANG_ANALYZER_NUMBER_OBJECT_CONVERSION = YES_AGGRESSIVE;
				CLANG_CXX_LANGUAGE_STANDARD = "gnu++14";
				CLANG_CXX_LIBRARY = "libc++";
				CLANG_ENABLE_MODULES = YES;
				CLANG_ENABLE_OBJC_ARC = YES;
				CLANG_ENABLE_OBJC_WEAK = YES;
				CLANG_WARN_BLOCK_CAPTURE_AUTORELEASING = YES;
				CLANG_WARN_BOOL_CONVERSION = YES;
				CLANG_WARN_COMMA = YES;
				CLANG_WARN_CONSTANT_CONVERSION = YES;
				CLANG_WARN_DEPRECATED_OBJC_IMPLEMENTATIONS = YES;
				CLANG_WARN_DIRECT_OBJC_ISA_USAGE = YES_ERROR;
				CLANG_WARN_DOCUMENTATION_COMMENTS = YES;
				CLANG_WARN_EMPTY_BODY = YES;
				CLANG_WARN_ENUM_CONVERSION = YES;
				CLANG_WARN_INFINITE_RECURSION = YES;
				CLANG_WARN_INT_CONVERSION = YES;
				CLANG_WARN_NON_LITERAL_NULL_CONVERSION = YES;
				CLANG_WARN_OBJC_IMPLICIT_RETAIN_SELF = YES;
				CLANG_WARN_OBJC_LITERAL_CONVERSION = YES;
				CLANG_WARN_OBJC_ROOT_CLASS = YES_ERROR;
				CLANG_WARN_RANGE_LOOP_ANALYSIS = YES;
				CLANG_WARN_STRICT_PROTOTYPES = YES;
				CLANG_WARN_SUSPICIOUS_MOVE = YES;
				CLANG_WARN_UNGUARDED_AVAILABILITY = YES_AGGRESSIVE;
				CLANG_WARN_UNREACHABLE_CODE = YES;
				CLANG_WARN__DUPLICATE_METHOD_MATCH = YES;
				CODE_SIGN_IDENTITY = "iPhone Developer";
				COPY_PHASE_STRIP = NO;
				DEBUG_INFORMATION_FORMAT = dwarf;
				ENABLE_STRICT_OBJC_MSGSEND = YES;
				ENABLE_TESTABILITY = YES;
				GCC_C_LANGUAGE_STANDARD = gnu11;
				GCC_DYNAMIC_NO_PIC = NO;
				GCC_NO_COMMON_BLOCKS = YES;
				GCC_OPTIMIZATION_LEVEL = 0;
				GCC_PREPROCESSOR_DEFINITIONS = (
					"DEBUG=1",
					"$(inherited)",
				);
				GCC_WARN_64_TO_32_BIT_CONVERSION = YES;
				GCC_WARN_ABOUT_RETURN_TYPE = YES_ERROR;
				GCC_WARN_UNDECLARED_SELECTOR = YES;
				GCC_WARN_UNINITIALIZED_AUTOS = YES_AGGRESSIVE;
				GCC_WARN_UNUSED_FUNCTION = YES;
				GCC_WARN_UNUSED_VARIABLE = YES;
				IPHONEOS_DEPLOYMENT_TARGET = 12.4;
				MTL_ENABLE_DEBUG_INFO = INCLUDE_SOURCE;
				MTL_FAST_MATH = YES;
				ONLY_ACTIVE_ARCH = YES;
				SDKROOT = iphoneos;
				SWIFT_ACTIVE_COMPILATION_CONDITIONS = DEBUG;
				SWIFT_OPTIMIZATION_LEVEL = "-Onone";
			};
			name = Debug;
		};
		D6FB741323E5378C008C1E0E /* Release */ = {
			isa = XCBuildConfiguration;
			buildSettings = {
				ALWAYS_SEARCH_USER_PATHS = NO;
				CLANG_ANALYZER_NONNULL = YES;
				CLANG_ANALYZER_NUMBER_OBJECT_CONVERSION = YES_AGGRESSIVE;
				CLANG_CXX_LANGUAGE_STANDARD = "gnu++14";
				CLANG_CXX_LIBRARY = "libc++";
				CLANG_ENABLE_MODULES = YES;
				CLANG_ENABLE_OBJC_ARC = YES;
				CLANG_ENABLE_OBJC_WEAK = YES;
				CLANG_WARN_BLOCK_CAPTURE_AUTORELEASING = YES;
				CLANG_WARN_BOOL_CONVERSION = YES;
				CLANG_WARN_COMMA = YES;
				CLANG_WARN_CONSTANT_CONVERSION = YES;
				CLANG_WARN_DEPRECATED_OBJC_IMPLEMENTATIONS = YES;
				CLANG_WARN_DIRECT_OBJC_ISA_USAGE = YES_ERROR;
				CLANG_WARN_DOCUMENTATION_COMMENTS = YES;
				CLANG_WARN_EMPTY_BODY = YES;
				CLANG_WARN_ENUM_CONVERSION = YES;
				CLANG_WARN_INFINITE_RECURSION = YES;
				CLANG_WARN_INT_CONVERSION = YES;
				CLANG_WARN_NON_LITERAL_NULL_CONVERSION = YES;
				CLANG_WARN_OBJC_IMPLICIT_RETAIN_SELF = YES;
				CLANG_WARN_OBJC_LITERAL_CONVERSION = YES;
				CLANG_WARN_OBJC_ROOT_CLASS = YES_ERROR;
				CLANG_WARN_RANGE_LOOP_ANALYSIS = YES;
				CLANG_WARN_STRICT_PROTOTYPES = YES;
				CLANG_WARN_SUSPICIOUS_MOVE = YES;
				CLANG_WARN_UNGUARDED_AVAILABILITY = YES_AGGRESSIVE;
				CLANG_WARN_UNREACHABLE_CODE = YES;
				CLANG_WARN__DUPLICATE_METHOD_MATCH = YES;
				CODE_SIGN_IDENTITY = "iPhone Developer";
				COPY_PHASE_STRIP = NO;
				DEBUG_INFORMATION_FORMAT = "dwarf-with-dsym";
				ENABLE_NS_ASSERTIONS = NO;
				ENABLE_STRICT_OBJC_MSGSEND = YES;
				GCC_C_LANGUAGE_STANDARD = gnu11;
				GCC_NO_COMMON_BLOCKS = YES;
				GCC_WARN_64_TO_32_BIT_CONVERSION = YES;
				GCC_WARN_ABOUT_RETURN_TYPE = YES_ERROR;
				GCC_WARN_UNDECLARED_SELECTOR = YES;
				GCC_WARN_UNINITIALIZED_AUTOS = YES_AGGRESSIVE;
				GCC_WARN_UNUSED_FUNCTION = YES;
				GCC_WARN_UNUSED_VARIABLE = YES;
				IPHONEOS_DEPLOYMENT_TARGET = 12.4;
				MTL_ENABLE_DEBUG_INFO = NO;
				MTL_FAST_MATH = YES;
				SDKROOT = iphoneos;
				SWIFT_COMPILATION_MODE = wholemodule;
				SWIFT_OPTIMIZATION_LEVEL = "-O";
				VALIDATE_PRODUCT = YES;
			};
			name = Release;
		};
		D6FB741523E5378C008C1E0E /* Debug */ = {
			isa = XCBuildConfiguration;
			buildSettings = {
				ASSETCATALOG_COMPILER_APPICON_NAME = AppIcon;
				CODE_SIGN_STYLE = Automatic;
				INFOPLIST_FILE = core/Info.plist;
				LD_RUNPATH_SEARCH_PATHS = (
					"$(inherited)",
					"@executable_path/Frameworks",
				);
				PRODUCT_BUNDLE_IDENTIFIER = student.coventry.core;
				PRODUCT_NAME = "$(TARGET_NAME)";
				SWIFT_VERSION = 5.0;
				TARGETED_DEVICE_FAMILY = "1,2";
			};
			name = Debug;
		};
		D6FB741623E5378C008C1E0E /* Release */ = {
			isa = XCBuildConfiguration;
			buildSettings = {
				ASSETCATALOG_COMPILER_APPICON_NAME = AppIcon;
				CODE_SIGN_STYLE = Automatic;
				INFOPLIST_FILE = core/Info.plist;
				LD_RUNPATH_SEARCH_PATHS = (
					"$(inherited)",
					"@executable_path/Frameworks",
				);
				PRODUCT_BUNDLE_IDENTIFIER = student.coventry.core;
				PRODUCT_NAME = "$(TARGET_NAME)";
				SWIFT_VERSION = 5.0;
				TARGETED_DEVICE_FAMILY = "1,2";
			};
			name = Release;
		};
		D6FB742323E57B1F008C1E0E /* Debug */ = {
			isa = XCBuildConfiguration;
			buildSettings = {
				BUNDLE_LOADER = "$(TEST_HOST)";
				CODE_SIGN_STYLE = Automatic;
				INFOPLIST_FILE = coreTests/Info.plist;
				LD_RUNPATH_SEARCH_PATHS = (
					"$(inherited)",
					"@executable_path/Frameworks",
					"@loader_path/Frameworks",
				);
				PRODUCT_BUNDLE_IDENTIFIER = student.coventry.coreTests;
				PRODUCT_NAME = "$(TARGET_NAME)";
				SWIFT_VERSION = 5.0;
				TARGETED_DEVICE_FAMILY = "1,2";
				TEST_HOST = "$(BUILT_PRODUCTS_DIR)/core.app/core";
			};
			name = Debug;
		};
		D6FB742423E57B1F008C1E0E /* Release */ = {
			isa = XCBuildConfiguration;
			buildSettings = {
				BUNDLE_LOADER = "$(TEST_HOST)";
				CODE_SIGN_STYLE = Automatic;
				INFOPLIST_FILE = coreTests/Info.plist;
				LD_RUNPATH_SEARCH_PATHS = (
					"$(inherited)",
					"@executable_path/Frameworks",
					"@loader_path/Frameworks",
				);
				PRODUCT_BUNDLE_IDENTIFIER = student.coventry.coreTests;
				PRODUCT_NAME = "$(TARGET_NAME)";
				SWIFT_VERSION = 5.0;
				TARGETED_DEVICE_FAMILY = "1,2";
				TEST_HOST = "$(BUILT_PRODUCTS_DIR)/core.app/core";
			};
			name = Release;
		};
/* End XCBuildConfiguration section */

/* Begin XCConfigurationList section */
		D6FB73FA23E5378B008C1E0E /* Build configuration list for PBXProject "core" */ = {
			isa = XCConfigurationList;
			buildConfigurations = (
				D6FB741223E5378C008C1E0E /* Debug */,
				D6FB741323E5378C008C1E0E /* Release */,
			);
			defaultConfigurationIsVisible = 0;
			defaultConfigurationName = Release;
		};
		D6FB741423E5378C008C1E0E /* Build configuration list for PBXNativeTarget "core" */ = {
			isa = XCConfigurationList;
			buildConfigurations = (
				D6FB741523E5378C008C1E0E /* Debug */,
				D6FB741623E5378C008C1E0E /* Release */,
			);
			defaultConfigurationIsVisible = 0;
			defaultConfigurationName = Release;
		};
		D6FB742223E57B1F008C1E0E /* Build configuration list for PBXNativeTarget "coreTests" */ = {
			isa = XCConfigurationList;
			buildConfigurations = (
				D6FB742323E57B1F008C1E0E /* Debug */,
				D6FB742423E57B1F008C1E0E /* Release */,
			);
			defaultConfigurationIsVisible = 0;
			defaultConfigurationName = Release;
		};
/* End XCConfigurationList section */

/* Begin XCVersionGroup section */
		D6FB740923E5378B008C1E0E /* core.xcdatamodeld */ = {
			isa = XCVersionGroup;
			children = (
				D6FB740A23E5378B008C1E0E /* core.xcdatamodel */,
			);
			currentVersion = D6FB740A23E5378B008C1E0E /* core.xcdatamodel */;
			path = core.xcdatamodeld;
			sourceTree = "<group>";
			versionGroupType = wrapper.xcdatamodel;
		};
/* End XCVersionGroup section */
	};
	rootObject = D6FB73F723E5378B008C1E0E /* Project object */;
}
